
Microsoft Visual Studio Solution File, Format Version 12.00
# Visual Studio 15
VisualStudioVersion = 15.0.27428.2037
MinimumVisualStudioVersion = 10.0.40219.1
Project("{FAE04EC0-301F-11D3-BF4B-00C04F79EFBC}") = "WinFormsTriangle", "WinFormsTriangle\WinFormsTriangle.csproj", "{BF79CA5C-DDC8-42A6-B283-AE2F4CD91DBD}"
EndProject
Project("{FAE04EC0-301F-11D3-BF4B-00C04F79EFBC}") = "WinFormsTriangleUnitTests", "WinFormsTriangleUnitTests\WinFormsTriangleUnitTests.csproj", "{5FBA04C7-9426-4658-A0DE-E82D024FE83B}"
EndProject
Global
	GlobalSection(SolutionConfigurationPlatforms) = preSolution
		Debug|Any CPU = Debug|Any CPU
		Release|Any CPU = Release|Any CPU
	EndGlobalSection
	GlobalSection(ProjectConfigurationPlatforms) = postSolution
		{BF79CA5C-DDC8-42A6-B283-AE2F4CD91DBD}.Debug|Any CPU.ActiveCfg = Debug|Any CPU
		{BF79CA5C-DDC8-42A6-B283-AE2F4CD91DBD}.Debug|Any CPU.Build.0 = Debug|Any CPU
		{BF79CA5C-DDC8-42A6-B283-AE2F4CD91DBD}.Release|Any CPU.ActiveCfg = Release|Any CPU
		{BF79CA5C-DDC8-42A6-B283-AE2F4CD91DBD}.Release|Any CPU.Build.0 = Release|Any CPU
		{5FBA04C7-9426-4658-A0DE-E82D024FE83B}.Debug|Any CPU.ActiveCfg = Debug|Any CPU
		{5FBA04C7-9426-4658-A0DE-E82D024FE83B}.Debug|Any CPU.Build.0 = Debug|Any CPU
		{5FBA04C7-9426-4658-A0DE-E82D024FE83B}.Release|Any CPU.ActiveCfg = Release|Any CPU
		{5FBA04C7-9426-4658-A0DE-E82D024FE83B}.Release|Any CPU.Build.0 = Release|Any CPU
	EndGlobalSection
	GlobalSection(SolutionProperties) = preSolution
		HideSolutionNode = FALSE
	EndGlobalSection
	GlobalSection(ExtensibilityGlobals) = postSolution
		SolutionGuid = {A649E649-8F0F-4324-A80D-D909CB8B5C72}
	EndGlobalSection
EndGlobal
